// !$*UTF8*$!
{
	archiveVersion = 1;
	classes = {
	};
	objectVersion = 50;
	objects = {

/* Begin PBXBuildFile section */
		640506EC251571220035A0DD /* HomeView.swift in Sources */ = {isa = PBXBuildFile; fileRef = 640506EB251571220035A0DD /* HomeView.swift */; };
		640506EF251572F20035A0DD /* ProfileView.swift in Sources */ = {isa = PBXBuildFile; fileRef = 640506EE251572F20035A0DD /* ProfileView.swift */; };
		640506F2251578F70035A0DD /* ProfileNavigationView.swift in Sources */ = {isa = PBXBuildFile; fileRef = 640506F1251578F70035A0DD /* ProfileNavigationView.swift */; };
		640506F5251579140035A0DD /* ProfileInfoView.swift in Sources */ = {isa = PBXBuildFile; fileRef = 640506F4251579140035A0DD /* ProfileInfoView.swift */; };
		640506F825157A0E0035A0DD /* ProfileMenuView.swift in Sources */ = {isa = PBXBuildFile; fileRef = 640506F725157A0E0035A0DD /* ProfileMenuView.swift */; };
		64665AF02512D27200655D25 /* AppDelegate.swift in Sources */ = {isa = PBXBuildFile; fileRef = 64665AEF2512D27200655D25 /* AppDelegate.swift */; };
		64665AF22512D27200655D25 /* SceneDelegate.swift in Sources */ = {isa = PBXBuildFile; fileRef = 64665AF12512D27200655D25 /* SceneDelegate.swift */; };
		64665AF42512D27200655D25 /* ContentView.swift in Sources */ = {isa = PBXBuildFile; fileRef = 64665AF32512D27200655D25 /* ContentView.swift */; };
		64665AF62512D27300655D25 /* Assets.xcassets in Resources */ = {isa = PBXBuildFile; fileRef = 64665AF52512D27300655D25 /* Assets.xcassets */; };
		64665AF92512D27300655D25 /* Preview Assets.xcassets in Resources */ = {isa = PBXBuildFile; fileRef = 64665AF82512D27300655D25 /* Preview Assets.xcassets */; };
		64665AFC2512D27300655D25 /* LaunchScreen.storyboard in Resources */ = {isa = PBXBuildFile; fileRef = 64665AFA2512D27300655D25 /* LaunchScreen.storyboard */; };
		64665B062512DA4800655D25 /* StoryItemView.swift in Sources */ = {isa = PBXBuildFile; fileRef = 64665B052512DA4800655D25 /* StoryItemView.swift */; };
		64665B0A2512DBD800655D25 /* CustomNavigationView.swift in Sources */ = {isa = PBXBuildFile; fileRef = 64665B092512DBD800655D25 /* CustomNavigationView.swift */; };
		64665B0D2512DBFC00655D25 /* StoriesView.swift in Sources */ = {isa = PBXBuildFile; fileRef = 64665B0C2512DBFC00655D25 /* StoriesView.swift */; };
		64665B102512E85500655D25 /* CustomTabView.swift in Sources */ = {isa = PBXBuildFile; fileRef = 64665B0F2512E85500655D25 /* CustomTabView.swift */; };
		64665B132512E86D00655D25 /* PostView.swift in Sources */ = {isa = PBXBuildFile; fileRef = 64665B122512E86D00655D25 /* PostView.swift */; };
		64665B162512EC6700655D25 /* PostsView.swift in Sources */ = {isa = PBXBuildFile; fileRef = 64665B152512EC6700655D25 /* PostsView.swift */; };
		64665B192512EC9200655D25 /* README.md in Resources */ = {isa = PBXBuildFile; fileRef = 64665B182512EC9200655D25 /* README.md */; };
		64AD4EDE251FF6D00066E990 /* ActivityView.swift in Sources */ = {isa = PBXBuildFile; fileRef = 64AD4EDD251FF6D00066E990 /* ActivityView.swift */; };
		64AD4EE2251FFF5E0066E990 /* ActivityMenuView.swift in Sources */ = {isa = PBXBuildFile; fileRef = 64AD4EE1251FFF5E0066E990 /* ActivityMenuView.swift */; };
		64AD4EE5252004D70066E990 /* FollowBackView.swift in Sources */ = {isa = PBXBuildFile; fileRef = 64AD4EE4252004D70066E990 /* FollowBackView.swift */; };
		64AD4EE8252004E90066E990 /* CommentView.swift in Sources */ = {isa = PBXBuildFile; fileRef = 64AD4EE7252004E90066E990 /* CommentView.swift */; };
		64DAA1602515955100A23B73 /* VisualizationMenuView.swift in Sources */ = {isa = PBXBuildFile; fileRef = 64DAA15F2515955100A23B73 /* VisualizationMenuView.swift */; };
		64DAA1632515A2AC00A23B73 /* CategoriesView.swift in Sources */ = {isa = PBXBuildFile; fileRef = 64DAA1622515A2AC00A23B73 /* CategoriesView.swift */; };
/* End PBXBuildFile section */

/* Begin PBXFileReference section */
		640506EB251571220035A0DD /* HomeView.swift */ = {isa = PBXFileReference; lastKnownFileType = sourcecode.swift; name = HomeView.swift; path = "InstagramRedesign2020/Views/New Group/HomeView.swift"; sourceTree = SOURCE_ROOT; };
		640506EE251572F20035A0DD /* ProfileView.swift */ = {isa = PBXFileReference; lastKnownFileType = sourcecode.swift; name = ProfileView.swift; path = InstagramRedesign2020/Views/Profile/ProfileView.swift; sourceTree = SOURCE_ROOT; };
		640506F1251578F70035A0DD /* ProfileNavigationView.swift */ = {isa = PBXFileReference; lastKnownFileType = sourcecode.swift; path = ProfileNavigationView.swift; sourceTree = "<group>"; };
		640506F4251579140035A0DD /* ProfileInfoView.swift */ = {isa = PBXFileReference; lastKnownFileType = sourcecode.swift; path = ProfileInfoView.swift; sourceTree = "<group>"; };
		640506F725157A0E0035A0DD /* ProfileMenuView.swift */ = {isa = PBXFileReference; lastKnownFileType = sourcecode.swift; path = ProfileMenuView.swift; sourceTree = "<group>"; };
		64665AEC2512D27200655D25 /* InstagramRedesign2020.app */ = {isa = PBXFileReference; explicitFileType = wrapper.application; includeInIndex = 0; path = InstagramRedesign2020.app; sourceTree = BUILT_PRODUCTS_DIR; };
		64665AEF2512D27200655D25 /* AppDelegate.swift */ = {isa = PBXFileReference; lastKnownFileType = sourcecode.swift; path = AppDelegate.swift; sourceTree = "<group>"; };
		64665AF12512D27200655D25 /* SceneDelegate.swift */ = {isa = PBXFileReference; lastKnownFileType = sourcecode.swift; path = SceneDelegate.swift; sourceTree = "<group>"; };
		64665AF32512D27200655D25 /* ContentView.swift */ = {isa = PBXFileReference; lastKnownFileType = sourcecode.swift; path = ContentView.swift; sourceTree = "<group>"; };
		64665AF52512D27300655D25 /* Assets.xcassets */ = {isa = PBXFileReference; lastKnownFileType = folder.assetcatalog; path = Assets.xcassets; sourceTree = "<group>"; };
		64665AF82512D27300655D25 /* Preview Assets.xcassets */ = {isa = PBXFileReference; lastKnownFileType = folder.assetcatalog; path = "Preview Assets.xcassets"; sourceTree = "<group>"; };
		64665AFB2512D27300655D25 /* Base */ = {isa = PBXFileReference; lastKnownFileType = file.storyboard; name = Base; path = Base.lproj/LaunchScreen.storyboard; sourceTree = "<group>"; };
		64665AFD2512D27300655D25 /* Info.plist */ = {isa = PBXFileReference; lastKnownFileType = text.plist.xml; path = Info.plist; sourceTree = "<group>"; };
		64665B052512DA4800655D25 /* StoryItemView.swift */ = {isa = PBXFileReference; lastKnownFileType = sourcecode.swift; path = StoryItemView.swift; sourceTree = "<group>"; };
		64665B092512DBD800655D25 /* CustomNavigationView.swift */ = {isa = PBXFileReference; lastKnownFileType = sourcecode.swift; name = CustomNavigationView.swift; path = "InstagramRedesign2020/Views/New Group/CustomNavigationView.swift"; sourceTree = SOURCE_ROOT; };
		64665B0C2512DBFC00655D25 /* StoriesView.swift */ = {isa = PBXFileReference; lastKnownFileType = sourcecode.swift; name = StoriesView.swift; path = "InstagramRedesign2020/Views/New Group/StoriesView.swift"; sourceTree = SOURCE_ROOT; };
		64665B0F2512E85500655D25 /* CustomTabView.swift */ = {isa = PBXFileReference; lastKnownFileType = sourcecode.swift; name = CustomTabView.swift; path = "InstagramRedesign2020/Views/New Group/CustomTabView.swift"; sourceTree = SOURCE_ROOT; };
		64665B122512E86D00655D25 /* PostView.swift */ = {isa = PBXFileReference; lastKnownFileType = sourcecode.swift; name = PostView.swift; path = "InstagramRedesign2020/Views/New Group/PostView.swift"; sourceTree = SOURCE_ROOT; };
		64665B152512EC6700655D25 /* PostsView.swift */ = {isa = PBXFileReference; lastKnownFileType = sourcecode.swift; name = PostsView.swift; path = "InstagramRedesign2020/Views/New Group/PostsView.swift"; sourceTree = SOURCE_ROOT; };
		64665B182512EC9200655D25 /* README.md */ = {isa = PBXFileReference; lastKnownFileType = net.daringfireball.markdown; path = README.md; sourceTree = "<group>"; };
		64AD4EDD251FF6D00066E990 /* ActivityView.swift */ = {isa = PBXFileReference; lastKnownFileType = sourcecode.swift; path = ActivityView.swift; sourceTree = "<group>"; };
		64AD4EE1251FFF5E0066E990 /* ActivityMenuView.swift */ = {isa = PBXFileReference; lastKnownFileType = sourcecode.swift; path = ActivityMenuView.swift; sourceTree = "<group>"; };
		64AD4EE4252004D70066E990 /* FollowBackView.swift */ = {isa = PBXFileReference; lastKnownFileType = sourcecode.swift; path = FollowBackView.swift; sourceTree = "<group>"; };
		64AD4EE7252004E90066E990 /* CommentView.swift */ = {isa = PBXFileReference; lastKnownFileType = sourcecode.swift; path = CommentView.swift; sourceTree = "<group>"; };
		64DAA15F2515955100A23B73 /* VisualizationMenuView.swift */ = {isa = PBXFileReference; lastKnownFileType = sourcecode.swift; path = VisualizationMenuView.swift; sourceTree = "<group>"; };
		64DAA1622515A2AC00A23B73 /* CategoriesView.swift */ = {isa = PBXFileReference; fileEncoding = 4; lastKnownFileType = sourcecode.swift; name = CategoriesView.swift; path = "InstagramRedesign2020/Views/New Group/CategoriesView.swift"; sourceTree = SOURCE_ROOT; };
/* End PBXFileReference section */

/* Begin PBXFrameworksBuildPhase section */
		64665AE92512D27100655D25 /* Frameworks */ = {
			isa = PBXFrameworksBuildPhase;
			buildActionMask = 2147483647;
			files = (
			);
			runOnlyForDeploymentPostprocessing = 0;
		};
/* End PBXFrameworksBuildPhase section */

/* Begin PBXGroup section */
		64665AE32512D27100655D25 = {
			isa = PBXGroup;
			children = (
				64665B182512EC9200655D25 /* README.md */,
				64665AEE2512D27200655D25 /* InstagramRedesign2020 */,
				64665AED2512D27200655D25 /* Products */,
			);
			sourceTree = "<group>";
		};
		64665AED2512D27200655D25 /* Products */ = {
			isa = PBXGroup;
			children = (
				64665AEC2512D27200655D25 /* InstagramRedesign2020.app */,
			);
			name = Products;
			sourceTree = "<group>";
		};
		64665AEE2512D27200655D25 /* InstagramRedesign2020 */ = {
			isa = PBXGroup;
			children = (
				64665B042512DA3A00655D25 /* Views */,
				64665AEF2512D27200655D25 /* AppDelegate.swift */,
				64665AF12512D27200655D25 /* SceneDelegate.swift */,
				64665AF32512D27200655D25 /* ContentView.swift */,
				64665AF52512D27300655D25 /* Assets.xcassets */,
				64665AFA2512D27300655D25 /* LaunchScreen.storyboard */,
				64665AFD2512D27300655D25 /* Info.plist */,
				64665AF72512D27300655D25 /* Preview Content */,
			);
			path = InstagramRedesign2020;
			sourceTree = "<group>";
		};
		64665AF72512D27300655D25 /* Preview Content */ = {
			isa = PBXGroup;
			children = (
				64665AF82512D27300655D25 /* Preview Assets.xcassets */,
			);
			path = "Preview Content";
			sourceTree = "<group>";
		};
		64665B042512DA3A00655D25 /* Views */ = {
			isa = PBXGroup;
			children = (
				64AD4EDC251FF6C00066E990 /* Activity */,
				64AD4EEA252006570066E990 /* Profile */,
				64AD4EED2520068B0066E990 /* New Group */,
			);
			path = Views;
			sourceTree = "<group>";
		};
		64AD4EDC251FF6C00066E990 /* Activity */ = {
			isa = PBXGroup;
			children = (
				64AD4EDD251FF6D00066E990 /* ActivityView.swift */,
				64AD4EE7252004E90066E990 /* CommentView.swift */,
				64AD4EE4252004D70066E990 /* FollowBackView.swift */,
				64AD4EE1251FFF5E0066E990 /* ActivityMenuView.swift */,
			);
			path = Activity;
			sourceTree = "<group>";
		};
		64AD4EEA252006570066E990 /* Profile */ = {
			isa = PBXGroup;
			children = (
				64DAA15F2515955100A23B73 /* VisualizationMenuView.swift */,
				640506EE251572F20035A0DD /* ProfileView.swift */,
				640506F725157A0E0035A0DD /* ProfileMenuView.swift */,
				640506F4251579140035A0DD /* ProfileInfoView.swift */,
				640506F1251578F70035A0DD /* ProfileNavigationView.swift */,
			);
			path = Profile;
			sourceTree = "<group>";
		};
		64AD4EED2520068B0066E990 /* New Group */ = {
			isa = PBXGroup;
			children = (
				640506EB251571220035A0DD /* HomeView.swift */,
				64665B152512EC6700655D25 /* PostsView.swift */,
				64665B122512E86D00655D25 /* PostView.swift */,
				64665B0F2512E85500655D25 /* CustomTabView.swift */,
				64665B0C2512DBFC00655D25 /* StoriesView.swift */,
				64DAA1622515A2AC00A23B73 /* CategoriesView.swift */,
				64665B092512DBD800655D25 /* CustomNavigationView.swift */,
				64665B052512DA4800655D25 /* StoryItemView.swift */,
			);
			path = "New Group";
			sourceTree = "<group>";
		};
/* End PBXGroup section */

/* Begin PBXNativeTarget section */
		64665AEB2512D27100655D25 /* InstagramRedesign2020 */ = {
			isa = PBXNativeTarget;
			buildConfigurationList = 64665B002512D27300655D25 /* Build configuration list for PBXNativeTarget "InstagramRedesign2020" */;
			buildPhases = (
				64665AE82512D27100655D25 /* Sources */,
				64665AE92512D27100655D25 /* Frameworks */,
				64665AEA2512D27100655D25 /* Resources */,
			);
			buildRules = (
			);
			dependencies = (
			);
			name = InstagramRedesign2020;
			productName = InstagramRedesign2020;
			productReference = 64665AEC2512D27200655D25 /* InstagramRedesign2020.app */;
			productType = "com.apple.product-type.application";
		};
/* End PBXNativeTarget section */

/* Begin PBXProject section */
		64665AE42512D27100655D25 /* Project object */ = {
			isa = PBXProject;
			attributes = {
				LastSwiftUpdateCheck = 1200;
				LastUpgradeCheck = 1200;
				TargetAttributes = {
					64665AEB2512D27100655D25 = {
						CreatedOnToolsVersion = 12.0;
					};
				};
			};
			buildConfigurationList = 64665AE72512D27100655D25 /* Build configuration list for PBXProject "InstagramRedesign2020" */;
			compatibilityVersion = "Xcode 9.3";
			developmentRegion = en;
			hasScannedForEncodings = 0;
			knownRegions = (
				en,
				Base,
			);
			mainGroup = 64665AE32512D27100655D25;
			productRefGroup = 64665AED2512D27200655D25 /* Products */;
			projectDirPath = "";
			projectRoot = "";
			targets = (
				64665AEB2512D27100655D25 /* InstagramRedesign2020 */,
			);
		};
/* End PBXProject section */

/* Begin PBXResourcesBuildPhase section */
		64665AEA2512D27100655D25 /* Resources */ = {
			isa = PBXResourcesBuildPhase;
			buildActionMask = 2147483647;
			files = (
				64665AFC2512D27300655D25 /* LaunchScreen.storyboard in Resources */,
				64665AF92512D27300655D25 /* Preview Assets.xcassets in Resources */,
				64665B192512EC9200655D25 /* README.md in Resources */,
				64665AF62512D27300655D25 /* Assets.xcassets in Resources */,
			);
			runOnlyForDeploymentPostprocessing = 0;
		};
/* End PBXResourcesBuildPhase section */

/* Begin PBXSourcesBuildPhase section */
		64665AE82512D27100655D25 /* Sources */ = {
			isa = PBXSourcesBuildPhase;
			buildActionMask = 2147483647;
			files = (
				64DAA1632515A2AC00A23B73 /* CategoriesView.swift in Sources */,
				64665AF02512D27200655D25 /* AppDelegate.swift in Sources */,
				64AD4EE2251FFF5E0066E990 /* ActivityMenuView.swift in Sources */,
				64665B062512DA4800655D25 /* StoryItemView.swift in Sources */,
				64665B132512E86D00655D25 /* PostView.swift in Sources */,
				640506F825157A0E0035A0DD /* ProfileMenuView.swift in Sources */,
				64DAA1602515955100A23B73 /* VisualizationMenuView.swift in Sources */,
				640506EC251571220035A0DD /* HomeView.swift in Sources */,
				64AD4EE5252004D70066E990 /* FollowBackView.swift in Sources */,
				640506F5251579140035A0DD /* ProfileInfoView.swift in Sources */,
				64665B0D2512DBFC00655D25 /* StoriesView.swift in Sources */,
				64AD4EDE251FF6D00066E990 /* ActivityView.swift in Sources */,
				64665B0A2512DBD800655D25 /* CustomNavigationView.swift in Sources */,
				64665AF22512D27200655D25 /* SceneDelegate.swift in Sources */,
				64665AF42512D27200655D25 /* ContentView.swift in Sources */,
				64665B102512E85500655D25 /* CustomTabView.swift in Sources */,
				640506EF251572F20035A0DD /* ProfileView.swift in Sources */,
				640506F2251578F70035A0DD /* ProfileNavigationView.swift in Sources */,
				64AD4EE8252004E90066E990 /* CommentView.swift in Sources */,
				64665B162512EC6700655D25 /* PostsView.swift in Sources */,
			);
			runOnlyForDeploymentPostprocessing = 0;
		};
/* End PBXSourcesBuildPhase section */

/* Begin PBXVariantGroup section */
		64665AFA2512D27300655D25 /* LaunchScreen.storyboard */ = {
			isa = PBXVariantGroup;
			children = (
				64665AFB2512D27300655D25 /* Base */,
			);
			name = LaunchScreen.storyboard;
			sourceTree = "<group>";
		};
/* End PBXVariantGroup section */

/* Begin XCBuildConfiguration section */
		64665AFE2512D27300655D25 /* Debug */ = {
			isa = XCBuildConfiguration;
			buildSettings = {
				ALWAYS_SEARCH_USER_PATHS = NO;
				CLANG_ANALYZER_NONNULL = YES;
				CLANG_ANALYZER_NUMBER_OBJECT_CONVERSION = YES_AGGRESSIVE;
				CLANG_CXX_LANGUAGE_STANDARD = "gnu++14";
				CLANG_CXX_LIBRARY = "libc++";
				CLANG_ENABLE_MODULES = YES;
				CLANG_ENABLE_OBJC_ARC = YES;
				CLANG_ENABLE_OBJC_WEAK = YES;
				CLANG_WARN_BLOCK_CAPTURE_AUTORELEASING = YES;
				CLANG_WARN_BOOL_CONVERSION = YES;
				CLANG_WARN_COMMA = YES;
				CLANG_WARN_CONSTANT_CONVERSION = YES;
				CLANG_WARN_DEPRECATED_OBJC_IMPLEMENTATIONS = YES;
				CLANG_WARN_DIRECT_OBJC_ISA_USAGE = YES_ERROR;
				CLANG_WARN_DOCUMENTATION_COMMENTS = YES;
				CLANG_WARN_EMPTY_BODY = YES;
				CLANG_WARN_ENUM_CONVERSION = YES;
				CLANG_WARN_INFINITE_RECURSION = YES;
				CLANG_WARN_INT_CONVERSION = YES;
				CLANG_WARN_NON_LITERAL_NULL_CONVERSION = YES;
				CLANG_WARN_OBJC_IMPLICIT_RETAIN_SELF = YES;
				CLANG_WARN_OBJC_LITERAL_CONVERSION = YES;
				CLANG_WARN_OBJC_ROOT_CLASS = YES_ERROR;
				CLANG_WARN_QUOTED_INCLUDE_IN_FRAMEWORK_HEADER = YES;
				CLANG_WARN_RANGE_LOOP_ANALYSIS = YES;
				CLANG_WARN_STRICT_PROTOTYPES = YES;
				CLANG_WARN_SUSPICIOUS_MOVE = YES;
				CLANG_WARN_UNGUARDED_AVAILABILITY = YES_AGGRESSIVE;
				CLANG_WARN_UNREACHABLE_CODE = YES;
				CLANG_WARN__DUPLICATE_METHOD_MATCH = YES;
				COPY_PHASE_STRIP = NO;
				DEBUG_INFORMATION_FORMAT = dwarf;
				ENABLE_STRICT_OBJC_MSGSEND = YES;
				ENABLE_TESTABILITY = YES;
				GCC_C_LANGUAGE_STANDARD = gnu11;
				GCC_DYNAMIC_NO_PIC = NO;
				GCC_NO_COMMON_BLOCKS = YES;
				GCC_OPTIMIZATION_LEVEL = 0;
				GCC_PREPROCESSOR_DEFINITIONS = (
					"DEBUG=1",
					"$(inherited)",
				);
				GCC_WARN_64_TO_32_BIT_CONVERSION = YES;
				GCC_WARN_ABOUT_RETURN_TYPE = YES_ERROR;
				GCC_WARN_UNDECLARED_SELECTOR = YES;
				GCC_WARN_UNINITIALIZED_AUTOS = YES_AGGRESSIVE;
				GCC_WARN_UNUSED_FUNCTION = YES;
				GCC_WARN_UNUSED_VARIABLE = YES;
				IPHONEOS_DEPLOYMENT_TARGET = 14.0;
				MTL_ENABLE_DEBUG_INFO = INCLUDE_SOURCE;
				MTL_FAST_MATH = YES;
				ONLY_ACTIVE_ARCH = YES;
				SDKROOT = iphoneos;
				SWIFT_ACTIVE_COMPILATION_CONDITIONS = DEBUG;
				SWIFT_OPTIMIZATION_LEVEL = "-Onone";
			};
			name = Debug;
		};
		64665AFF2512D27300655D25 /* Release */ = {
			isa = XCBuildConfiguration;
			buildSettings = {
				ALWAYS_SEARCH_USER_PATHS = NO;
				CLANG_ANALYZER_NONNULL = YES;
				CLANG_ANALYZER_NUMBER_OBJECT_CONVERSION = YES_AGGRESSIVE;
				CLANG_CXX_LANGUAGE_STANDARD = "gnu++14";
				CLANG_CXX_LIBRARY = "libc++";
				CLANG_ENABLE_MODULES = YES;
				CLANG_ENABLE_OBJC_ARC = YES;
				CLANG_ENABLE_OBJC_WEAK = YES;
				CLANG_WARN_BLOCK_CAPTURE_AUTORELEASING = YES;
				CLANG_WARN_BOOL_CONVERSION = YES;
				CLANG_WARN_COMMA = YES;
				CLANG_WARN_CONSTANT_CONVERSION = YES;
				CLANG_WARN_DEPRECATED_OBJC_IMPLEMENTATIONS = YES;
				CLANG_WARN_DIRECT_OBJC_ISA_USAGE = YES_ERROR;
				CLANG_WARN_DOCUMENTATION_COMMENTS = YES;
				CLANG_WARN_EMPTY_BODY = YES;
				CLANG_WARN_ENUM_CONVERSION = YES;
				CLANG_WARN_INFINITE_RECURSION = YES;
				CLANG_WARN_INT_CONVERSION = YES;
				CLANG_WARN_NON_LITERAL_NULL_CONVERSION = YES;
				CLANG_WARN_OBJC_IMPLICIT_RETAIN_SELF = YES;
				CLANG_WARN_OBJC_LITERAL_CONVERSION = YES;
				CLANG_WARN_OBJC_ROOT_CLASS = YES_ERROR;
				CLANG_WARN_QUOTED_INCLUDE_IN_FRAMEWORK_HEADER = YES;
				CLANG_WARN_RANGE_LOOP_ANALYSIS = YES;
				CLANG_WARN_STRICT_PROTOTYPES = YES;
				CLANG_WARN_SUSPICIOUS_MOVE = YES;
				CLANG_WARN_UNGUARDED_AVAILABILITY = YES_AGGRESSIVE;
				CLANG_WARN_UNREACHABLE_CODE = YES;
				CLANG_WARN__DUPLICATE_METHOD_MATCH = YES;
				COPY_PHASE_STRIP = NO;
				DEBUG_INFORMATION_FORMAT = "dwarf-with-dsym";
				ENABLE_NS_ASSERTIONS = NO;
				ENABLE_STRICT_OBJC_MSGSEND = YES;
				GCC_C_LANGUAGE_STANDARD = gnu11;
				GCC_NO_COMMON_BLOCKS = YES;
				GCC_WARN_64_TO_32_BIT_CONVERSION = YES;
				GCC_WARN_ABOUT_RETURN_TYPE = YES_ERROR;
				GCC_WARN_UNDECLARED_SELECTOR = YES;
				GCC_WARN_UNINITIALIZED_AUTOS = YES_AGGRESSIVE;
				GCC_WARN_UNUSED_FUNCTION = YES;
				GCC_WARN_UNUSED_VARIABLE = YES;
				IPHONEOS_DEPLOYMENT_TARGET = 14.0;
				MTL_ENABLE_DEBUG_INFO = NO;
				MTL_FAST_MATH = YES;
				SDKROOT = iphoneos;
				SWIFT_COMPILATION_MODE = wholemodule;
				SWIFT_OPTIMIZATION_LEVEL = "-O";
				VALIDATE_PRODUCT = YES;
			};
			name = Release;
		};
		64665B012512D27300655D25 /* Debug */ = {
			isa = XCBuildConfiguration;
			buildSettings = {
				ASSETCATALOG_COMPILER_APPICON_NAME = AppIcon;
				ASSETCATALOG_COMPILER_GLOBAL_ACCENT_COLOR_NAME = AccentColor;
				CODE_SIGN_STYLE = Automatic;
				DEVELOPMENT_ASSET_PATHS = "\"InstagramRedesign2020/Preview Content\"";
				ENABLE_PREVIEWS = YES;
				INFOPLIST_FILE = InstagramRedesign2020/Info.plist;
				LD_RUNPATH_SEARCH_PATHS = (
					"$(inherited)",
					"@executable_path/Frameworks",
				);
				PRODUCT_BUNDLE_IDENTIFIER = io.github.rphlfc.InstagramRedesign2020;
				PRODUCT_NAME = "$(TARGET_NAME)";
				SWIFT_VERSION = 5.0;
				TARGETED_DEVICE_FAMILY = "1,2";
			};
			name = Debug;
		};
		64665B022512D27300655D25 /* Release */ = {
			isa = XCBuildConfiguration;
			buildSettings = {
				ASSETCATALOG_COMPILER_APPICON_NAME = AppIcon;
				ASSETCATALOG_COMPILER_GLOBAL_ACCENT_COLOR_NAME = AccentColor;
				CODE_SIGN_STYLE = Automatic;
				DEVELOPMENT_ASSET_PATHS = "\"InstagramRedesign2020/Preview Content\"";
				ENABLE_PREVIEWS = YES;
				INFOPLIST_FILE = InstagramRedesign2020/Info.plist;
				LD_RUNPATH_SEARCH_PATHS = (
					"$(inherited)",
					"@executable_path/Frameworks",
				);
				PRODUCT_BUNDLE_IDENTIFIER = io.github.rphlfc.InstagramRedesign2020;
				PRODUCT_NAME = "$(TARGET_NAME)";
				SWIFT_VERSION = 5.0;
				TARGETED_DEVICE_FAMILY = "1,2";
			};
			name = Release;
		};
/* End XCBuildConfiguration section */

/* Begin XCConfigurationList section */
		64665AE72512D27100655D25 /* Build configuration list for PBXProject "InstagramRedesign2020" */ = {
			isa = XCConfigurationList;
			buildConfigurations = (
				64665AFE2512D27300655D25 /* Debug */,
				64665AFF2512D27300655D25 /* Release */,
			);
			defaultConfigurationIsVisible = 0;
			defaultConfigurationName = Release;
		};
		64665B002512D27300655D25 /* Build configuration list for PBXNativeTarget "InstagramRedesign2020" */ = {
			isa = XCConfigurationList;
			buildConfigurations = (
				64665B012512D27300655D25 /* Debug */,
				64665B022512D27300655D25 /* Release */,
			);
			defaultConfigurationIsVisible = 0;
			defaultConfigurationName = Release;
		};
/* End XCConfigurationList section */
	};
	rootObject = 64665AE42512D27100655D25 /* Project object */;
}
